
Microsoft Visual Studio Solution File, Format Version 12.00
# Visual Studio Version 16
VisualStudioVersion = 16.0.32228.343
MinimumVisualStudioVersion = 10.0.40219.1
Project("{FAE04EC0-301F-11D3-BF4B-00C04F79EFBC}") = "NameSpace", "NameSpace\NameSpace.csproj", "{F605B31A-79AA-46B4-97C2-1A85EA41674C}"
EndProject
Global
	GlobalSection(SolutionConfigurationPlatforms) = preSolution
		Debug|Any CPU = Debug|Any CPU
		Release|Any CPU = Release|Any CPU
	EndGlobalSection
	GlobalSection(ProjectConfigurationPlatforms) = postSolution
		{F605B31A-79AA-46B4-97C2-1A85EA41674C}.Debug|Any CPU.ActiveCfg = Debug|Any CPU
		{F605B31A-79AA-46B4-97C2-1A85EA41674C}.Debug|Any CPU.Build.0 = Debug|Any CPU
		{F605B31A-79AA-46B4-97C2-1A85EA41674C}.Release|Any CPU.ActiveCfg = Release|Any CPU
		{F605B31A-79AA-46B4-97C2-1A85EA41674C}.Release|Any CPU.Build.0 = Release|Any CPU
	EndGlobalSection
	GlobalSection(SolutionProperties) = preSolution
		HideSolutionNode = FALSE
	EndGlobalSection
	GlobalSection(ExtensibilityGlobals) = postSolution
		SolutionGuid = {CC3FF55E-2E80-4899-990D-6F2C2469842C}
	EndGlobalSection
EndGlobal
